// !$*UTF8*$!
{
	archiveVersion = 1;
	classes = {
	};
	objectVersion = 56;
	objects = {

/* Begin PBXBuildFile section */
		73E64EF631BE497C8EFA1CBC /* Pods_WorldRestourants.framework in Frameworks */ = {isa = PBXBuildFile; fileRef = E90E343E4CF760AC499E5312 /* Pods_WorldRestourants.framework */; };
		9FE92BD41CB8328BDA62FBAA /* Pods_WorldRestourants_WorldRestourantsUITests.framework in Frameworks */ = {isa = PBXBuildFile; fileRef = 58B2F654B0F43E0DE7FDEF7D /* Pods_WorldRestourants_WorldRestourantsUITests.framework */; };
		AC18BEBEBDF529799E799DB1 /* Pods_WorldRestourantsTests.framework in Frameworks */ = {isa = PBXBuildFile; fileRef = 574F47FBB243CF123A893BE1 /* Pods_WorldRestourantsTests.framework */; };
		F340953F2C3D84A9009D71E0 /* AppDelegate.swift in Sources */ = {isa = PBXBuildFile; fileRef = F340953E2C3D84A9009D71E0 /* AppDelegate.swift */; };
		F34095412C3D84A9009D71E0 /* SceneDelegate.swift in Sources */ = {isa = PBXBuildFile; fileRef = F34095402C3D84A9009D71E0 /* SceneDelegate.swift */; };
		F34095432C3D84A9009D71E0 /* ViewController.swift in Sources */ = {isa = PBXBuildFile; fileRef = F34095422C3D84A9009D71E0 /* ViewController.swift */; };
		F34095462C3D84A9009D71E0 /* Main.storyboard in Resources */ = {isa = PBXBuildFile; fileRef = F34095442C3D84A9009D71E0 /* Main.storyboard */; };
		F34095482C3D84AA009D71E0 /* Assets.xcassets in Resources */ = {isa = PBXBuildFile; fileRef = F34095472C3D84AA009D71E0 /* Assets.xcassets */; };
		F340954B2C3D84AA009D71E0 /* LaunchScreen.storyboard in Resources */ = {isa = PBXBuildFile; fileRef = F34095492C3D84AA009D71E0 /* LaunchScreen.storyboard */; };
		F34095562C3D84AA009D71E0 /* WorldRestourantsTests.swift in Sources */ = {isa = PBXBuildFile; fileRef = F34095552C3D84AA009D71E0 /* WorldRestourantsTests.swift */; };
		F34095602C3D84AA009D71E0 /* WorldRestourantsUITests.swift in Sources */ = {isa = PBXBuildFile; fileRef = F340955F2C3D84AA009D71E0 /* WorldRestourantsUITests.swift */; };
		F34095622C3D84AA009D71E0 /* WorldRestourantsUITestsLaunchTests.swift in Sources */ = {isa = PBXBuildFile; fileRef = F34095612C3D84AA009D71E0 /* WorldRestourantsUITestsLaunchTests.swift */; };
		F34095732C3D87DB009D71E0 /* TableViewController.swift in Sources */ = {isa = PBXBuildFile; fileRef = F34095722C3D87DB009D71E0 /* TableViewController.swift */; };
		F34095752C3D882B009D71E0 /* Restaurants.swift in Sources */ = {isa = PBXBuildFile; fileRef = F34095742C3D882B009D71E0 /* Restaurants.swift */; };
		F34095772C3D8AD3009D71E0 /* RestaurantTableViewCell.swift in Sources */ = {isa = PBXBuildFile; fileRef = F34095762C3D8AD3009D71E0 /* RestaurantTableViewCell.swift */; };
/* End PBXBuildFile section */

/* Begin PBXContainerItemProxy section */
		F34095522C3D84AA009D71E0 /* PBXContainerItemProxy */ = {
			isa = PBXContainerItemProxy;
			containerPortal = F34095332C3D84A9009D71E0 /* Project object */;
			proxyType = 1;
			remoteGlobalIDString = F340953A2C3D84A9009D71E0;
			remoteInfo = WorldRestourants;
		};
		F340955C2C3D84AA009D71E0 /* PBXContainerItemProxy */ = {
			isa = PBXContainerItemProxy;
			containerPortal = F34095332C3D84A9009D71E0 /* Project object */;
			proxyType = 1;
			remoteGlobalIDString = F340953A2C3D84A9009D71E0;
			remoteInfo = WorldRestourants;
		};
/* End PBXContainerItemProxy section */

/* Begin PBXFileReference section */
		237768B77C6D023D5F13FF63 /* Pods-WorldRestourants.release.xcconfig */ = {isa = PBXFileReference; includeInIndex = 1; lastKnownFileType = text.xcconfig; name = "Pods-WorldRestourants.release.xcconfig"; path = "Target Support Files/Pods-WorldRestourants/Pods-WorldRestourants.release.xcconfig"; sourceTree = "<group>"; };
		501D073CF8041B2B7083685E /* Pods-WorldRestourants-WorldRestourantsUITests.release.xcconfig */ = {isa = PBXFileReference; includeInIndex = 1; lastKnownFileType = text.xcconfig; name = "Pods-WorldRestourants-WorldRestourantsUITests.release.xcconfig"; path = "Target Support Files/Pods-WorldRestourants-WorldRestourantsUITests/Pods-WorldRestourants-WorldRestourantsUITests.release.xcconfig"; sourceTree = "<group>"; };
		574F47FBB243CF123A893BE1 /* Pods_WorldRestourantsTests.framework */ = {isa = PBXFileReference; explicitFileType = wrapper.framework; includeInIndex = 0; path = Pods_WorldRestourantsTests.framework; sourceTree = BUILT_PRODUCTS_DIR; };
		58B2F654B0F43E0DE7FDEF7D /* Pods_WorldRestourants_WorldRestourantsUITests.framework */ = {isa = PBXFileReference; explicitFileType = wrapper.framework; includeInIndex = 0; path = Pods_WorldRestourants_WorldRestourantsUITests.framework; sourceTree = BUILT_PRODUCTS_DIR; };
		735520E1F02FDE5E3966E5A2 /* Pods-WorldRestourants.debug.xcconfig */ = {isa = PBXFileReference; includeInIndex = 1; lastKnownFileType = text.xcconfig; name = "Pods-WorldRestourants.debug.xcconfig"; path = "Target Support Files/Pods-WorldRestourants/Pods-WorldRestourants.debug.xcconfig"; sourceTree = "<group>"; };
		8D3493B41AB8B812B8B2816D /* Pods-WorldRestourantsTests.release.xcconfig */ = {isa = PBXFileReference; includeInIndex = 1; lastKnownFileType = text.xcconfig; name = "Pods-WorldRestourantsTests.release.xcconfig"; path = "Target Support Files/Pods-WorldRestourantsTests/Pods-WorldRestourantsTests.release.xcconfig"; sourceTree = "<group>"; };
		A402C0DE09DA773B87D35D53 /* Pods-WorldRestourants-WorldRestourantsUITests.debug.xcconfig */ = {isa = PBXFileReference; includeInIndex = 1; lastKnownFileType = text.xcconfig; name = "Pods-WorldRestourants-WorldRestourantsUITests.debug.xcconfig"; path = "Target Support Files/Pods-WorldRestourants-WorldRestourantsUITests/Pods-WorldRestourants-WorldRestourantsUITests.debug.xcconfig"; sourceTree = "<group>"; };
		CEDC868B28182AD7CE8F0799 /* Pods-WorldRestourantsTests.debug.xcconfig */ = {isa = PBXFileReference; includeInIndex = 1; lastKnownFileType = text.xcconfig; name = "Pods-WorldRestourantsTests.debug.xcconfig"; path = "Target Support Files/Pods-WorldRestourantsTests/Pods-WorldRestourantsTests.debug.xcconfig"; sourceTree = "<group>"; };
		E90E343E4CF760AC499E5312 /* Pods_WorldRestourants.framework */ = {isa = PBXFileReference; explicitFileType = wrapper.framework; includeInIndex = 0; path = Pods_WorldRestourants.framework; sourceTree = BUILT_PRODUCTS_DIR; };
		F322250B2C3D9BE100D859B6 /* Alamofire.framework */ = {isa = PBXFileReference; explicitFileType = wrapper.framework; path = Alamofire.framework; sourceTree = BUILT_PRODUCTS_DIR; };
		F322250F2C3D9E0F00D859B6 /* Alamofire.framework */ = {isa = PBXFileReference; explicitFileType = wrapper.framework; path = Alamofire.framework; sourceTree = BUILT_PRODUCTS_DIR; };
		F340953B2C3D84A9009D71E0 /* WorldRestourants.app */ = {isa = PBXFileReference; explicitFileType = wrapper.application; includeInIndex = 0; path = WorldRestourants.app; sourceTree = BUILT_PRODUCTS_DIR; };
		F340953E2C3D84A9009D71E0 /* AppDelegate.swift */ = {isa = PBXFileReference; lastKnownFileType = sourcecode.swift; path = AppDelegate.swift; sourceTree = "<group>"; };
		F34095402C3D84A9009D71E0 /* SceneDelegate.swift */ = {isa = PBXFileReference; lastKnownFileType = sourcecode.swift; path = SceneDelegate.swift; sourceTree = "<group>"; };
		F34095422C3D84A9009D71E0 /* ViewController.swift */ = {isa = PBXFileReference; lastKnownFileType = sourcecode.swift; path = ViewController.swift; sourceTree = "<group>"; };
		F34095452C3D84A9009D71E0 /* Base */ = {isa = PBXFileReference; lastKnownFileType = file.storyboard; name = Base; path = Base.lproj/Main.storyboard; sourceTree = "<group>"; };
		F34095472C3D84AA009D71E0 /* Assets.xcassets */ = {isa = PBXFileReference; lastKnownFileType = folder.assetcatalog; path = Assets.xcassets; sourceTree = "<group>"; };
		F340954A2C3D84AA009D71E0 /* Base */ = {isa = PBXFileReference; lastKnownFileType = file.storyboard; name = Base; path = Base.lproj/LaunchScreen.storyboard; sourceTree = "<group>"; };
		F340954C2C3D84AA009D71E0 /* Info.plist */ = {isa = PBXFileReference; lastKnownFileType = text.plist.xml; path = Info.plist; sourceTree = "<group>"; };
		F34095512C3D84AA009D71E0 /* WorldRestourantsTests.xctest */ = {isa = PBXFileReference; explicitFileType = wrapper.cfbundle; includeInIndex = 0; path = WorldRestourantsTests.xctest; sourceTree = BUILT_PRODUCTS_DIR; };
		F34095552C3D84AA009D71E0 /* WorldRestourantsTests.swift */ = {isa = PBXFileReference; lastKnownFileType = sourcecode.swift; path = WorldRestourantsTests.swift; sourceTree = "<group>"; };
		F340955B2C3D84AA009D71E0 /* WorldRestourantsUITests.xctest */ = {isa = PBXFileReference; explicitFileType = wrapper.cfbundle; includeInIndex = 0; path = WorldRestourantsUITests.xctest; sourceTree = BUILT_PRODUCTS_DIR; };
		F340955F2C3D84AA009D71E0 /* WorldRestourantsUITests.swift */ = {isa = PBXFileReference; lastKnownFileType = sourcecode.swift; path = WorldRestourantsUITests.swift; sourceTree = "<group>"; };
		F34095612C3D84AA009D71E0 /* WorldRestourantsUITestsLaunchTests.swift */ = {isa = PBXFileReference; lastKnownFileType = sourcecode.swift; path = WorldRestourantsUITestsLaunchTests.swift; sourceTree = "<group>"; };
		F34095722C3D87DB009D71E0 /* TableViewController.swift */ = {isa = PBXFileReference; lastKnownFileType = sourcecode.swift; path = TableViewController.swift; sourceTree = "<group>"; };
		F34095742C3D882B009D71E0 /* Restaurants.swift */ = {isa = PBXFileReference; lastKnownFileType = sourcecode.swift; path = Restaurants.swift; sourceTree = "<group>"; };
		F34095762C3D8AD3009D71E0 /* RestaurantTableViewCell.swift */ = {isa = PBXFileReference; lastKnownFileType = sourcecode.swift; path = RestaurantTableViewCell.swift; sourceTree = "<group>"; };
/* End PBXFileReference section */

/* Begin PBXFrameworksBuildPhase section */
		F34095382C3D84A9009D71E0 /* Frameworks */ = {
			isa = PBXFrameworksBuildPhase;
			buildActionMask = 2147483647;
			files = (
				73E64EF631BE497C8EFA1CBC /* Pods_WorldRestourants.framework in Frameworks */,
			);
			runOnlyForDeploymentPostprocessing = 0;
		};
		F340954E2C3D84AA009D71E0 /* Frameworks */ = {
			isa = PBXFrameworksBuildPhase;
			buildActionMask = 2147483647;
			files = (
				AC18BEBEBDF529799E799DB1 /* Pods_WorldRestourantsTests.framework in Frameworks */,
			);
			runOnlyForDeploymentPostprocessing = 0;
		};
		F34095582C3D84AA009D71E0 /* Frameworks */ = {
			isa = PBXFrameworksBuildPhase;
			buildActionMask = 2147483647;
			files = (
				9FE92BD41CB8328BDA62FBAA /* Pods_WorldRestourants_WorldRestourantsUITests.framework in Frameworks */,
			);
			runOnlyForDeploymentPostprocessing = 0;
		};
/* End PBXFrameworksBuildPhase section */

/* Begin PBXGroup section */
		8540D0C763046603D0B2ABA0 /* Frameworks */ = {
			isa = PBXGroup;
			children = (
				F322250F2C3D9E0F00D859B6 /* Alamofire.framework */,
				F322250B2C3D9BE100D859B6 /* Alamofire.framework */,
				E90E343E4CF760AC499E5312 /* Pods_WorldRestourants.framework */,
				58B2F654B0F43E0DE7FDEF7D /* Pods_WorldRestourants_WorldRestourantsUITests.framework */,
				574F47FBB243CF123A893BE1 /* Pods_WorldRestourantsTests.framework */,
			);
			name = Frameworks;
			sourceTree = "<group>";
		};
		DD3E5D3B735C0AE6D4A4C03D /* Pods */ = {
			isa = PBXGroup;
			children = (
				735520E1F02FDE5E3966E5A2 /* Pods-WorldRestourants.debug.xcconfig */,
				237768B77C6D023D5F13FF63 /* Pods-WorldRestourants.release.xcconfig */,
				A402C0DE09DA773B87D35D53 /* Pods-WorldRestourants-WorldRestourantsUITests.debug.xcconfig */,
				501D073CF8041B2B7083685E /* Pods-WorldRestourants-WorldRestourantsUITests.release.xcconfig */,
				CEDC868B28182AD7CE8F0799 /* Pods-WorldRestourantsTests.debug.xcconfig */,
				8D3493B41AB8B812B8B2816D /* Pods-WorldRestourantsTests.release.xcconfig */,
			);
			path = Pods;
			sourceTree = "<group>";
		};
		F34095322C3D84A9009D71E0 = {
			isa = PBXGroup;
			children = (
				F340953D2C3D84A9009D71E0 /* WorldRestourants */,
				F34095542C3D84AA009D71E0 /* WorldRestourantsTests */,
				F340955E2C3D84AA009D71E0 /* WorldRestourantsUITests */,
				F340953C2C3D84A9009D71E0 /* Products */,
				DD3E5D3B735C0AE6D4A4C03D /* Pods */,
				8540D0C763046603D0B2ABA0 /* Frameworks */,
			);
			sourceTree = "<group>";
		};
		F340953C2C3D84A9009D71E0 /* Products */ = {
			isa = PBXGroup;
			children = (
				F340953B2C3D84A9009D71E0 /* WorldRestourants.app */,
				F34095512C3D84AA009D71E0 /* WorldRestourantsTests.xctest */,
				F340955B2C3D84AA009D71E0 /* WorldRestourantsUITests.xctest */,
			);
			name = Products;
			sourceTree = "<group>";
		};
		F340953D2C3D84A9009D71E0 /* WorldRestourants */ = {
			isa = PBXGroup;
			children = (
				F340953E2C3D84A9009D71E0 /* AppDelegate.swift */,
				F34095402C3D84A9009D71E0 /* SceneDelegate.swift */,
				F34095422C3D84A9009D71E0 /* ViewController.swift */,
				F34095442C3D84A9009D71E0 /* Main.storyboard */,
				F34095722C3D87DB009D71E0 /* TableViewController.swift */,
				F34095762C3D8AD3009D71E0 /* RestaurantTableViewCell.swift */,
				F34095472C3D84AA009D71E0 /* Assets.xcassets */,
				F34095492C3D84AA009D71E0 /* LaunchScreen.storyboard */,
				F340954C2C3D84AA009D71E0 /* Info.plist */,
				F34095742C3D882B009D71E0 /* Restaurants.swift */,
			);
			path = WorldRestourants;
			sourceTree = "<group>";
		};
		F34095542C3D84AA009D71E0 /* WorldRestourantsTests */ = {
			isa = PBXGroup;
			children = (
				F34095552C3D84AA009D71E0 /* WorldRestourantsTests.swift */,
			);
			path = WorldRestourantsTests;
			sourceTree = "<group>";
		};
		F340955E2C3D84AA009D71E0 /* WorldRestourantsUITests */ = {
			isa = PBXGroup;
			children = (
				F340955F2C3D84AA009D71E0 /* WorldRestourantsUITests.swift */,
				F34095612C3D84AA009D71E0 /* WorldRestourantsUITestsLaunchTests.swift */,
			);
			path = WorldRestourantsUITests;
			sourceTree = "<group>";
		};
/* End PBXGroup section */

/* Begin PBXNativeTarget section */
		F340953A2C3D84A9009D71E0 /* WorldRestourants */ = {
			isa = PBXNativeTarget;
			buildConfigurationList = F34095652C3D84AA009D71E0 /* Build configuration list for PBXNativeTarget "WorldRestourants" */;
			buildPhases = (
				FE5AD43DD156B9D89656D00D /* [CP] Check Pods Manifest.lock */,
				F34095372C3D84A9009D71E0 /* Sources */,
				F34095382C3D84A9009D71E0 /* Frameworks */,
				F34095392C3D84A9009D71E0 /* Resources */,
				425686049B3456C8669FF914 /* [CP] Embed Pods Frameworks */,
			);
			buildRules = (
			);
			dependencies = (
			);
			name = WorldRestourants;
			productName = WorldRestourants;
			productReference = F340953B2C3D84A9009D71E0 /* WorldRestourants.app */;
			productType = "com.apple.product-type.application";
		};
		F34095502C3D84AA009D71E0 /* WorldRestourantsTests */ = {
			isa = PBXNativeTarget;
			buildConfigurationList = F34095682C3D84AA009D71E0 /* Build configuration list for PBXNativeTarget "WorldRestourantsTests" */;
			buildPhases = (
				3605DE46B5AA415979685376 /* [CP] Check Pods Manifest.lock */,
				F340954D2C3D84AA009D71E0 /* Sources */,
				F340954E2C3D84AA009D71E0 /* Frameworks */,
				F340954F2C3D84AA009D71E0 /* Resources */,
			);
			buildRules = (
			);
			dependencies = (
				F34095532C3D84AA009D71E0 /* PBXTargetDependency */,
			);
			name = WorldRestourantsTests;
			productName = WorldRestourantsTests;
			productReference = F34095512C3D84AA009D71E0 /* WorldRestourantsTests.xctest */;
			productType = "com.apple.product-type.bundle.unit-test";
		};
		F340955A2C3D84AA009D71E0 /* WorldRestourantsUITests */ = {
			isa = PBXNativeTarget;
			buildConfigurationList = F340956B2C3D84AA009D71E0 /* Build configuration list for PBXNativeTarget "WorldRestourantsUITests" */;
			buildPhases = (
				FC95F6E82B78FC525DAB6781 /* [CP] Check Pods Manifest.lock */,
				F34095572C3D84AA009D71E0 /* Sources */,
				F34095582C3D84AA009D71E0 /* Frameworks */,
				F34095592C3D84AA009D71E0 /* Resources */,
				40526255B12EB9272B6D3FD7 /* [CP] Embed Pods Frameworks */,
			);
			buildRules = (
			);
			dependencies = (
				F340955D2C3D84AA009D71E0 /* PBXTargetDependency */,
			);
			name = WorldRestourantsUITests;
			productName = WorldRestourantsUITests;
			productReference = F340955B2C3D84AA009D71E0 /* WorldRestourantsUITests.xctest */;
			productType = "com.apple.product-type.bundle.ui-testing";
		};
/* End PBXNativeTarget section */

/* Begin PBXProject section */
		F34095332C3D84A9009D71E0 /* Project object */ = {
			isa = PBXProject;
			attributes = {
				BuildIndependentTargetsInParallel = 1;
				LastSwiftUpdateCheck = 1500;
				LastUpgradeCheck = 1500;
				TargetAttributes = {
					F340953A2C3D84A9009D71E0 = {
						CreatedOnToolsVersion = 15.0.1;
					};
					F34095502C3D84AA009D71E0 = {
						CreatedOnToolsVersion = 15.0.1;
						TestTargetID = F340953A2C3D84A9009D71E0;
					};
					F340955A2C3D84AA009D71E0 = {
						CreatedOnToolsVersion = 15.0.1;
						TestTargetID = F340953A2C3D84A9009D71E0;
					};
				};
			};
			buildConfigurationList = F34095362C3D84A9009D71E0 /* Build configuration list for PBXProject "WorldRestourants" */;
			compatibilityVersion = "Xcode 14.0";
			developmentRegion = en;
			hasScannedForEncodings = 0;
			knownRegions = (
				en,
				Base,
			);
			mainGroup = F34095322C3D84A9009D71E0;
			productRefGroup = F340953C2C3D84A9009D71E0 /* Products */;
			projectDirPath = "";
			projectRoot = "";
			targets = (
				F340953A2C3D84A9009D71E0 /* WorldRestourants */,
				F34095502C3D84AA009D71E0 /* WorldRestourantsTests */,
				F340955A2C3D84AA009D71E0 /* WorldRestourantsUITests */,
			);
		};
/* End PBXProject section */

/* Begin PBXResourcesBuildPhase section */
		F34095392C3D84A9009D71E0 /* Resources */ = {
			isa = PBXResourcesBuildPhase;
			buildActionMask = 2147483647;
			files = (
				F340954B2C3D84AA009D71E0 /* LaunchScreen.storyboard in Resources */,
				F34095482C3D84AA009D71E0 /* Assets.xcassets in Resources */,
				F34095462C3D84A9009D71E0 /* Main.storyboard in Resources */,
			);
			runOnlyForDeploymentPostprocessing = 0;
		};
		F340954F2C3D84AA009D71E0 /* Resources */ = {
			isa = PBXResourcesBuildPhase;
			buildActionMask = 2147483647;
			files = (
			);
			runOnlyForDeploymentPostprocessing = 0;
		};
		F34095592C3D84AA009D71E0 /* Resources */ = {
			isa = PBXResourcesBuildPhase;
			buildActionMask = 2147483647;
			files = (
			);
			runOnlyForDeploymentPostprocessing = 0;
		};
/* End PBXResourcesBuildPhase section */

/* Begin PBXShellScriptBuildPhase section */
		3605DE46B5AA415979685376 /* [CP] Check Pods Manifest.lock */ = {
			isa = PBXShellScriptBuildPhase;
			buildActionMask = 2147483647;
			files = (
			);
			inputFileListPaths = (
			);
			inputPaths = (
				"${PODS_PODFILE_DIR_PATH}/Podfile.lock",
				"${PODS_ROOT}/Manifest.lock",
			);
			name = "[CP] Check Pods Manifest.lock";
			outputFileListPaths = (
			);
			outputPaths = (
				"$(DERIVED_FILE_DIR)/Pods-WorldRestourantsTests-checkManifestLockResult.txt",
			);
			runOnlyForDeploymentPostprocessing = 0;
			shellPath = /bin/sh;
			shellScript = "diff \"${PODS_PODFILE_DIR_PATH}/Podfile.lock\" \"${PODS_ROOT}/Manifest.lock\" > /dev/null\nif [ $? != 0 ] ; then\n    # print error to STDERR\n    echo \"error: The sandbox is not in sync with the Podfile.lock. Run 'pod install' or update your CocoaPods installation.\" >&2\n    exit 1\nfi\n# This output is used by Xcode 'outputs' to avoid re-running this script phase.\necho \"SUCCESS\" > \"${SCRIPT_OUTPUT_FILE_0}\"\n";
			showEnvVarsInLog = 0;
		};
		40526255B12EB9272B6D3FD7 /* [CP] Embed Pods Frameworks */ = {
			isa = PBXShellScriptBuildPhase;
			buildActionMask = 2147483647;
			files = (
			);
			inputFileListPaths = (
				"${PODS_ROOT}/Target Support Files/Pods-WorldRestourants-WorldRestourantsUITests/Pods-WorldRestourants-WorldRestourantsUITests-frameworks-${CONFIGURATION}-input-files.xcfilelist",
			);
			name = "[CP] Embed Pods Frameworks";
			outputFileListPaths = (
				"${PODS_ROOT}/Target Support Files/Pods-WorldRestourants-WorldRestourantsUITests/Pods-WorldRestourants-WorldRestourantsUITests-frameworks-${CONFIGURATION}-output-files.xcfilelist",
			);
			runOnlyForDeploymentPostprocessing = 0;
			shellPath = /bin/sh;
			shellScript = "\"${PODS_ROOT}/Target Support Files/Pods-WorldRestourants-WorldRestourantsUITests/Pods-WorldRestourants-WorldRestourantsUITests-frameworks.sh\"\n";
			showEnvVarsInLog = 0;
		};
		425686049B3456C8669FF914 /* [CP] Embed Pods Frameworks */ = {
			isa = PBXShellScriptBuildPhase;
			buildActionMask = 2147483647;
			files = (
			);
			inputFileListPaths = (
				"${PODS_ROOT}/Target Support Files/Pods-WorldRestourants/Pods-WorldRestourants-frameworks-${CONFIGURATION}-input-files.xcfilelist",
			);
			name = "[CP] Embed Pods Frameworks";
			outputFileListPaths = (
				"${PODS_ROOT}/Target Support Files/Pods-WorldRestourants/Pods-WorldRestourants-frameworks-${CONFIGURATION}-output-files.xcfilelist",
			);
			runOnlyForDeploymentPostprocessing = 0;
			shellPath = /bin/sh;
			shellScript = "\"${PODS_ROOT}/Target Support Files/Pods-WorldRestourants/Pods-WorldRestourants-frameworks.sh\"\n";
			showEnvVarsInLog = 0;
		};
		FC95F6E82B78FC525DAB6781 /* [CP] Check Pods Manifest.lock */ = {
			isa = PBXShellScriptBuildPhase;
			buildActionMask = 2147483647;
			files = (
			);
			inputFileListPaths = (
			);
			inputPaths = (
				"${PODS_PODFILE_DIR_PATH}/Podfile.lock",
				"${PODS_ROOT}/Manifest.lock",
			);
			name = "[CP] Check Pods Manifest.lock";
			outputFileListPaths = (
			);
			outputPaths = (
				"$(DERIVED_FILE_DIR)/Pods-WorldRestourants-WorldRestourantsUITests-checkManifestLockResult.txt",
			);
			runOnlyForDeploymentPostprocessing = 0;
			shellPath = /bin/sh;
			shellScript = "diff \"${PODS_PODFILE_DIR_PATH}/Podfile.lock\" \"${PODS_ROOT}/Manifest.lock\" > /dev/null\nif [ $? != 0 ] ; then\n    # print error to STDERR\n    echo \"error: The sandbox is not in sync with the Podfile.lock. Run 'pod install' or update your CocoaPods installation.\" >&2\n    exit 1\nfi\n# This output is used by Xcode 'outputs' to avoid re-running this script phase.\necho \"SUCCESS\" > \"${SCRIPT_OUTPUT_FILE_0}\"\n";
			showEnvVarsInLog = 0;
		};
		FE5AD43DD156B9D89656D00D /* [CP] Check Pods Manifest.lock */ = {
			isa = PBXShellScriptBuildPhase;
			buildActionMask = 2147483647;
			files = (
			);
			inputFileListPaths = (
			);
			inputPaths = (
				"${PODS_PODFILE_DIR_PATH}/Podfile.lock",
				"${PODS_ROOT}/Manifest.lock",
			);
			name = "[CP] Check Pods Manifest.lock";
			outputFileListPaths = (
			);
			outputPaths = (
				"$(DERIVED_FILE_DIR)/Pods-WorldRestourants-checkManifestLockResult.txt",
			);
			runOnlyForDeploymentPostprocessing = 0;
			shellPath = /bin/sh;
			shellScript = "diff \"${PODS_PODFILE_DIR_PATH}/Podfile.lock\" \"${PODS_ROOT}/Manifest.lock\" > /dev/null\nif [ $? != 0 ] ; then\n    # print error to STDERR\n    echo \"error: The sandbox is not in sync with the Podfile.lock. Run 'pod install' or update your CocoaPods installation.\" >&2\n    exit 1\nfi\n# This output is used by Xcode 'outputs' to avoid re-running this script phase.\necho \"SUCCESS\" > \"${SCRIPT_OUTPUT_FILE_0}\"\n";
			showEnvVarsInLog = 0;
		};
/* End PBXShellScriptBuildPhase section */

/* Begin PBXSourcesBuildPhase section */
		F34095372C3D84A9009D71E0 /* Sources */ = {
			isa = PBXSourcesBuildPhase;
			buildActionMask = 2147483647;
			files = (
				F34095432C3D84A9009D71E0 /* ViewController.swift in Sources */,
				F340953F2C3D84A9009D71E0 /* AppDelegate.swift in Sources */,
				F34095412C3D84A9009D71E0 /* SceneDelegate.swift in Sources */,
				F34095732C3D87DB009D71E0 /* TableViewController.swift in Sources */,
				F34095752C3D882B009D71E0 /* Restaurants.swift in Sources */,
				F34095772C3D8AD3009D71E0 /* RestaurantTableViewCell.swift in Sources */,
			);
			runOnlyForDeploymentPostprocessing = 0;
		};
		F340954D2C3D84AA009D71E0 /* Sources */ = {
			isa = PBXSourcesBuildPhase;
			buildActionMask = 2147483647;
			files = (
				F34095562C3D84AA009D71E0 /* WorldRestourantsTests.swift in Sources */,
			);
			runOnlyForDeploymentPostprocessing = 0;
		};
		F34095572C3D84AA009D71E0 /* Sources */ = {
			isa = PBXSourcesBuildPhase;
			buildActionMask = 2147483647;
			files = (
				F34095622C3D84AA009D71E0 /* WorldRestourantsUITestsLaunchTests.swift in Sources */,
				F34095602C3D84AA009D71E0 /* WorldRestourantsUITests.swift in Sources */,
			);
			runOnlyForDeploymentPostprocessing = 0;
		};
/* End PBXSourcesBuildPhase section */

/* Begin PBXTargetDependency section */
		F34095532C3D84AA009D71E0 /* PBXTargetDependency */ = {
			isa = PBXTargetDependency;
			target = F340953A2C3D84A9009D71E0 /* WorldRestourants */;
			targetProxy = F34095522C3D84AA009D71E0 /* PBXContainerItemProxy */;
		};
		F340955D2C3D84AA009D71E0 /* PBXTargetDependency */ = {
			isa = PBXTargetDependency;
			target = F340953A2C3D84A9009D71E0 /* WorldRestourants */;
			targetProxy = F340955C2C3D84AA009D71E0 /* PBXContainerItemProxy */;
		};
/* End PBXTargetDependency section */

/* Begin PBXVariantGroup section */
		F34095442C3D84A9009D71E0 /* Main.storyboard */ = {
			isa = PBXVariantGroup;
			children = (
				F34095452C3D84A9009D71E0 /* Base */,
			);
			name = Main.storyboard;
			sourceTree = "<group>";
		};
		F34095492C3D84AA009D71E0 /* LaunchScreen.storyboard */ = {
			isa = PBXVariantGroup;
			children = (
				F340954A2C3D84AA009D71E0 /* Base */,
			);
			name = LaunchScreen.storyboard;
			sourceTree = "<group>";
		};
/* End PBXVariantGroup section */

/* Begin XCBuildConfiguration section */
		F34095632C3D84AA009D71E0 /* Debug */ = {
			isa = XCBuildConfiguration;
			buildSettings = {
				ALWAYS_SEARCH_USER_PATHS = NO;
				ASSETCATALOG_COMPILER_GENERATE_SWIFT_ASSET_SYMBOL_EXTENSIONS = YES;
				CLANG_ANALYZER_NONNULL = YES;
				CLANG_ANALYZER_NUMBER_OBJECT_CONVERSION = YES_AGGRESSIVE;
				CLANG_CXX_LANGUAGE_STANDARD = "gnu++20";
				CLANG_ENABLE_MODULES = YES;
				CLANG_ENABLE_OBJC_ARC = YES;
				CLANG_ENABLE_OBJC_WEAK = YES;
				CLANG_WARN_BLOCK_CAPTURE_AUTORELEASING = YES;
				CLANG_WARN_BOOL_CONVERSION = YES;
				CLANG_WARN_COMMA = YES;
				CLANG_WARN_CONSTANT_CONVERSION = YES;
				CLANG_WARN_DEPRECATED_OBJC_IMPLEMENTATIONS = YES;
				CLANG_WARN_DIRECT_OBJC_ISA_USAGE = YES_ERROR;
				CLANG_WARN_DOCUMENTATION_COMMENTS = YES;
				CLANG_WARN_EMPTY_BODY = YES;
				CLANG_WARN_ENUM_CONVERSION = YES;
				CLANG_WARN_INFINITE_RECURSION = YES;
				CLANG_WARN_INT_CONVERSION = YES;
				CLANG_WARN_NON_LITERAL_NULL_CONVERSION = YES;
				CLANG_WARN_OBJC_IMPLICIT_RETAIN_SELF = YES;
				CLANG_WARN_OBJC_LITERAL_CONVERSION = YES;
				CLANG_WARN_OBJC_ROOT_CLASS = YES_ERROR;
				CLANG_WARN_QUOTED_INCLUDE_IN_FRAMEWORK_HEADER = YES;
				CLANG_WARN_RANGE_LOOP_ANALYSIS = YES;
				CLANG_WARN_STRICT_PROTOTYPES = YES;
				CLANG_WARN_SUSPICIOUS_MOVE = YES;
				CLANG_WARN_UNGUARDED_AVAILABILITY = YES_AGGRESSIVE;
				CLANG_WARN_UNREACHABLE_CODE = YES;
				CLANG_WARN__DUPLICATE_METHOD_MATCH = YES;
				COPY_PHASE_STRIP = NO;
				DEBUG_INFORMATION_FORMAT = dwarf;
				ENABLE_STRICT_OBJC_MSGSEND = YES;
				ENABLE_TESTABILITY = YES;
				ENABLE_USER_SCRIPT_SANDBOXING = NO;
				GCC_C_LANGUAGE_STANDARD = gnu17;
				GCC_DYNAMIC_NO_PIC = NO;
				GCC_NO_COMMON_BLOCKS = YES;
				GCC_OPTIMIZATION_LEVEL = 0;
				GCC_PREPROCESSOR_DEFINITIONS = (
					"DEBUG=1",
					"$(inherited)",
				);
				GCC_WARN_64_TO_32_BIT_CONVERSION = YES;
				GCC_WARN_ABOUT_RETURN_TYPE = YES_ERROR;
				GCC_WARN_UNDECLARED_SELECTOR = YES;
				GCC_WARN_UNINITIALIZED_AUTOS = YES_AGGRESSIVE;
				GCC_WARN_UNUSED_FUNCTION = YES;
				GCC_WARN_UNUSED_VARIABLE = YES;
				IPHONEOS_DEPLOYMENT_TARGET = 17.0;
				LOCALIZATION_PREFERS_STRING_CATALOGS = YES;
				MTL_ENABLE_DEBUG_INFO = INCLUDE_SOURCE;
				MTL_FAST_MATH = YES;
				ONLY_ACTIVE_ARCH = YES;
				SDKROOT = iphoneos;
				SWIFT_ACTIVE_COMPILATION_CONDITIONS = "DEBUG $(inherited)";
				SWIFT_OPTIMIZATION_LEVEL = "-Onone";
			};
			name = Debug;
		};
		F34095642C3D84AA009D71E0 /* Release */ = {
			isa = XCBuildConfiguration;
			buildSettings = {
				ALWAYS_SEARCH_USER_PATHS = NO;
				ASSETCATALOG_COMPILER_GENERATE_SWIFT_ASSET_SYMBOL_EXTENSIONS = YES;
				CLANG_ANALYZER_NONNULL = YES;
				CLANG_ANALYZER_NUMBER_OBJECT_CONVERSION = YES_AGGRESSIVE;
				CLANG_CXX_LANGUAGE_STANDARD = "gnu++20";
				CLANG_ENABLE_MODULES = YES;
				CLANG_ENABLE_OBJC_ARC = YES;
				CLANG_ENABLE_OBJC_WEAK = YES;
				CLANG_WARN_BLOCK_CAPTURE_AUTORELEASING = YES;
				CLANG_WARN_BOOL_CONVERSION = YES;
				CLANG_WARN_COMMA = YES;
				CLANG_WARN_CONSTANT_CONVERSION = YES;
				CLANG_WARN_DEPRECATED_OBJC_IMPLEMENTATIONS = YES;
				CLANG_WARN_DIRECT_OBJC_ISA_USAGE = YES_ERROR;
				CLANG_WARN_DOCUMENTATION_COMMENTS = YES;
				CLANG_WARN_EMPTY_BODY = YES;
				CLANG_WARN_ENUM_CONVERSION = YES;
				CLANG_WARN_INFINITE_RECURSION = YES;
				CLANG_WARN_INT_CONVERSION = YES;
				CLANG_WARN_NON_LITERAL_NULL_CONVERSION = YES;
				CLANG_WARN_OBJC_IMPLICIT_RETAIN_SELF = YES;
				CLANG_WARN_OBJC_LITERAL_CONVERSION = YES;
				CLANG_WARN_OBJC_ROOT_CLASS = YES_ERROR;
				CLANG_WARN_QUOTED_INCLUDE_IN_FRAMEWORK_HEADER = YES;
				CLANG_WARN_RANGE_LOOP_ANALYSIS = YES;
				CLANG_WARN_STRICT_PROTOTYPES = YES;
				CLANG_WARN_SUSPICIOUS_MOVE = YES;
				CLANG_WARN_UNGUARDED_AVAILABILITY = YES_AGGRESSIVE;
				CLANG_WARN_UNREACHABLE_CODE = YES;
				CLANG_WARN__DUPLICATE_METHOD_MATCH = YES;
				COPY_PHASE_STRIP = NO;
				DEBUG_INFORMATION_FORMAT = "dwarf-with-dsym";
				ENABLE_NS_ASSERTIONS = NO;
				ENABLE_STRICT_OBJC_MSGSEND = YES;
				ENABLE_USER_SCRIPT_SANDBOXING = NO;
				GCC_C_LANGUAGE_STANDARD = gnu17;
				GCC_NO_COMMON_BLOCKS = YES;
				GCC_WARN_64_TO_32_BIT_CONVERSION = YES;
				GCC_WARN_ABOUT_RETURN_TYPE = YES_ERROR;
				GCC_WARN_UNDECLARED_SELECTOR = YES;
				GCC_WARN_UNINITIALIZED_AUTOS = YES_AGGRESSIVE;
				GCC_WARN_UNUSED_FUNCTION = YES;
				GCC_WARN_UNUSED_VARIABLE = YES;
				IPHONEOS_DEPLOYMENT_TARGET = 17.0;
				LOCALIZATION_PREFERS_STRING_CATALOGS = YES;
				MTL_ENABLE_DEBUG_INFO = NO;
				MTL_FAST_MATH = YES;
				SDKROOT = iphoneos;
				SWIFT_COMPILATION_MODE = wholemodule;
				VALIDATE_PRODUCT = YES;
			};
			name = Release;
		};
		F34095662C3D84AA009D71E0 /* Debug */ = {
			isa = XCBuildConfiguration;
			baseConfigurationReference = 735520E1F02FDE5E3966E5A2 /* Pods-WorldRestourants.debug.xcconfig */;
			buildSettings = {
				ASSETCATALOG_COMPILER_APPICON_NAME = AppIcon;
				ASSETCATALOG_COMPILER_GLOBAL_ACCENT_COLOR_NAME = AccentColor;
				CODE_SIGN_STYLE = Automatic;
				CURRENT_PROJECT_VERSION = 1;
				DEVELOPMENT_TEAM = 9XQYUDH42J;
				ENABLE_USER_SCRIPT_SANDBOXING = NO;
				GENERATE_INFOPLIST_FILE = YES;
				INFOPLIST_FILE = WorldRestourants/Info.plist;
				INFOPLIST_KEY_UIApplicationSupportsIndirectInputEvents = YES;
				INFOPLIST_KEY_UILaunchStoryboardName = LaunchScreen;
				INFOPLIST_KEY_UIMainStoryboardFile = Main;
				INFOPLIST_KEY_UISupportedInterfaceOrientations_iPad = "UIInterfaceOrientationPortrait UIInterfaceOrientationPortraitUpsideDown UIInterfaceOrientationLandscapeLeft UIInterfaceOrientationLandscapeRight";
				INFOPLIST_KEY_UISupportedInterfaceOrientations_iPhone = "UIInterfaceOrientationPortrait UIInterfaceOrientationLandscapeLeft UIInterfaceOrientationLandscapeRight";
				LD_RUNPATH_SEARCH_PATHS = (
					"$(inherited)",
					"@executable_path/Frameworks",
				);
				MARKETING_VERSION = 1.0;
				PRODUCT_BUNDLE_IDENTIFIER = r.WorldRestourants;
				PRODUCT_NAME = "$(TARGET_NAME)";
				SWIFT_EMIT_LOC_STRINGS = YES;
				SWIFT_VERSION = 5.0;
				TARGETED_DEVICE_FAMILY = "1,2";
			};
			name = Debug;
		};
		F34095672C3D84AA009D71E0 /* Release */ = {
			isa = XCBuildConfiguration;
			baseConfigurationReference = 237768B77C6D023D5F13FF63 /* Pods-WorldRestourants.release.xcconfig */;
			buildSettings = {
				ASSETCATALOG_COMPILER_APPICON_NAME = AppIcon;
				ASSETCATALOG_COMPILER_GLOBAL_ACCENT_COLOR_NAME = AccentColor;
				CODE_SIGN_STYLE = Automatic;
				CURRENT_PROJECT_VERSION = 1;
				DEVELOPMENT_TEAM = 9XQYUDH42J;
				ENABLE_USER_SCRIPT_SANDBOXING = NO;
				GENERATE_INFOPLIST_FILE = YES;
				INFOPLIST_FILE = WorldRestourants/Info.plist;
				INFOPLIST_KEY_UIApplicationSupportsIndirectInputEvents = YES;
				INFOPLIST_KEY_UILaunchStoryboardName = LaunchScreen;
				INFOPLIST_KEY_UIMainStoryboardFile = Main;
				INFOPLIST_KEY_UISupportedInterfaceOrientations_iPad = "UIInterfaceOrientationPortrait UIInterfaceOrientationPortraitUpsideDown UIInterfaceOrientationLandscapeLeft UIInterfaceOrientationLandscapeRight";
				INFOPLIST_KEY_UISupportedInterfaceOrientations_iPhone = "UIInterfaceOrientationPortrait UIInterfaceOrientationLandscapeLeft UIInterfaceOrientationLandscapeRight";
				LD_RUNPATH_SEARCH_PATHS = (
					"$(inherited)",
					"@executable_path/Frameworks",
				);
				MARKETING_VERSION = 1.0;
				PRODUCT_BUNDLE_IDENTIFIER = r.WorldRestourants;
				PRODUCT_NAME = "$(TARGET_NAME)";
				SWIFT_EMIT_LOC_STRINGS = YES;
				SWIFT_VERSION = 5.0;
				TARGETED_DEVICE_FAMILY = "1,2";
			};
			name = Release;
		};
		F34095692C3D84AA009D71E0 /* Debug */ = {
			isa = XCBuildConfiguration;
			baseConfigurationReference = CEDC868B28182AD7CE8F0799 /* Pods-WorldRestourantsTests.debug.xcconfig */;
			buildSettings = {
				ALWAYS_EMBED_SWIFT_STANDARD_LIBRARIES = YES;
				BUNDLE_LOADER = "$(TEST_HOST)";
				CODE_SIGN_STYLE = Automatic;
				CURRENT_PROJECT_VERSION = 1;
				GENERATE_INFOPLIST_FILE = YES;
				IPHONEOS_DEPLOYMENT_TARGET = 17.0;
				MARKETING_VERSION = 1.0;
				PRODUCT_BUNDLE_IDENTIFIER = r.WorldRestourantsTests;
				PRODUCT_NAME = "$(TARGET_NAME)";
				SWIFT_EMIT_LOC_STRINGS = NO;
				SWIFT_VERSION = 5.0;
				TARGETED_DEVICE_FAMILY = "1,2";
				TEST_HOST = "$(BUILT_PRODUCTS_DIR)/WorldRestourants.app/$(BUNDLE_EXECUTABLE_FOLDER_PATH)/WorldRestourants";
			};
			name = Debug;
		};
		F340956A2C3D84AA009D71E0 /* Release */ = {
			isa = XCBuildConfiguration;
			baseConfigurationReference = 8D3493B41AB8B812B8B2816D /* Pods-WorldRestourantsTests.release.xcconfig */;
			buildSettings = {
				ALWAYS_EMBED_SWIFT_STANDARD_LIBRARIES = YES;
				BUNDLE_LOADER = "$(TEST_HOST)";
				CODE_SIGN_STYLE = Automatic;
				CURRENT_PROJECT_VERSION = 1;
				GENERATE_INFOPLIST_FILE = YES;
				IPHONEOS_DEPLOYMENT_TARGET = 17.0;
				MARKETING_VERSION = 1.0;
				PRODUCT_BUNDLE_IDENTIFIER = r.WorldRestourantsTests;
				PRODUCT_NAME = "$(TARGET_NAME)";
				SWIFT_EMIT_LOC_STRINGS = NO;
				SWIFT_VERSION = 5.0;
				TARGETED_DEVICE_FAMILY = "1,2";
				TEST_HOST = "$(BUILT_PRODUCTS_DIR)/WorldRestourants.app/$(BUNDLE_EXECUTABLE_FOLDER_PATH)/WorldRestourants";
			};
			name = Release;
		};
		F340956C2C3D84AA009D71E0 /* Debug */ = {
			isa = XCBuildConfiguration;
			baseConfigurationReference = A402C0DE09DA773B87D35D53 /* Pods-WorldRestourants-WorldRestourantsUITests.debug.xcconfig */;
			buildSettings = {
				ALWAYS_EMBED_SWIFT_STANDARD_LIBRARIES = YES;
				CODE_SIGN_STYLE = Automatic;
				CURRENT_PROJECT_VERSION = 1;
				GENERATE_INFOPLIST_FILE = YES;
				MARKETING_VERSION = 1.0;
				PRODUCT_BUNDLE_IDENTIFIER = r.WorldRestourantsUITests;
				PRODUCT_NAME = "$(TARGET_NAME)";
				SWIFT_EMIT_LOC_STRINGS = NO;
				SWIFT_VERSION = 5.0;
				TARGETED_DEVICE_FAMILY = "1,2";
				TEST_TARGET_NAME = WorldRestourants;
			};
			name = Debug;
		};
		F340956D2C3D84AA009D71E0 /* Release */ = {
			isa = XCBuildConfiguration;
			baseConfigurationReference = 501D073CF8041B2B7083685E /* Pods-WorldRestourants-WorldRestourantsUITests.release.xcconfig */;
			buildSettings = {
				ALWAYS_EMBED_SWIFT_STANDARD_LIBRARIES = YES;
				CODE_SIGN_STYLE = Automatic;
				CURRENT_PROJECT_VERSION = 1;
				GENERATE_INFOPLIST_FILE = YES;
				MARKETING_VERSION = 1.0;
				PRODUCT_BUNDLE_IDENTIFIER = r.WorldRestourantsUITests;
				PRODUCT_NAME = "$(TARGET_NAME)";
				SWIFT_EMIT_LOC_STRINGS = NO;
				SWIFT_VERSION = 5.0;
				TARGETED_DEVICE_FAMILY = "1,2";
				TEST_TARGET_NAME = WorldRestourants;
			};
			name = Release;
		};
/* End XCBuildConfiguration section */

/* Begin XCConfigurationList section */
		F34095362C3D84A9009D71E0 /* Build configuration list for PBXProject "WorldRestourants" */ = {
			isa = XCConfigurationList;
			buildConfigurations = (
				F34095632C3D84AA009D71E0 /* Debug */,
				F34095642C3D84AA009D71E0 /* Release */,
			);
			defaultConfigurationIsVisible = 0;
			defaultConfigurationName = Release;
		};
		F34095652C3D84AA009D71E0 /* Build configuration list for PBXNativeTarget "WorldRestourants" */ = {
			isa = XCConfigurationList;
			buildConfigurations = (
				F34095662C3D84AA009D71E0 /* Debug */,
				F34095672C3D84AA009D71E0 /* Release */,
			);
			defaultConfigurationIsVisible = 0;
			defaultConfigurationName = Release;
		};
		F34095682C3D84AA009D71E0 /* Build configuration list for PBXNativeTarget "WorldRestourantsTests" */ = {
			isa = XCConfigurationList;
			buildConfigurations = (
				F34095692C3D84AA009D71E0 /* Debug */,
				F340956A2C3D84AA009D71E0 /* Release */,
			);
			defaultConfigurationIsVisible = 0;
			defaultConfigurationName = Release;
		};
		F340956B2C3D84AA009D71E0 /* Build configuration list for PBXNativeTarget "WorldRestourantsUITests" */ = {
			isa = XCConfigurationList;
			buildConfigurations = (
				F340956C2C3D84AA009D71E0 /* Debug */,
				F340956D2C3D84AA009D71E0 /* Release */,
			);
			defaultConfigurationIsVisible = 0;
			defaultConfigurationName = Release;
		};
/* End XCConfigurationList section */
	};
	rootObject = F34095332C3D84A9009D71E0 /* Project object */;
}
